
Microsoft Visual Studio Solution File, Format Version 12.00
# Visual Studio 2012
Project("{FAE04EC0-301F-11D3-BF4B-00C04F79EFBC}") = "AO Workbench", "AO Workbench\AO Workbench.csproj", "{7740089B-926E-4AB9-8CDD-7B4065B374FD}"
EndProject
Project("{2150E333-8FDC-42A3-9474-1A3956D46DE8}") = ".nuget", ".nuget", "{908A5FA8-0CA7-4925-A55F-E99CF60BBC05}"
	ProjectSection(SolutionItems) = preProject
		.nuget\NuGet.Config = .nuget\NuGet.Config
		.nuget\NuGet.exe = .nuget\NuGet.exe
		.nuget\NuGet.targets = .nuget\NuGet.targets
	EndProjectSection
EndProject
Project("{8BC9CEB8-8B4A-11D0-8D11-00A0C91BC942}") = "AnarchyHook", "..\lib\SmokeLounge.AOtomation.Domain\lib\SmokeLounge.AOtomation.Hook\src\AnarchyHook\AnarchyHook.vcxproj", "{FF44EA80-5101-4550-9F25-DA723EF5C38A}"
EndProject
Project("{FAE04EC0-301F-11D3-BF4B-00C04F79EFBC}") = "SmokeLounge.AOtomation.Hook", "..\lib\SmokeLounge.AOtomation.Domain\lib\SmokeLounge.AOtomation.Hook\src\SmokeLounge.AOtomation.Hook\SmokeLounge.AOtomation.Hook.csproj", "{644C7D10-DDD2-4DD5-BF98-ADE288F611BE}"
	ProjectSection(ProjectDependencies) = postProject
		{FF44EA80-5101-4550-9F25-DA723EF5C38A} = {FF44EA80-5101-4550-9F25-DA723EF5C38A}
	EndProjectSection
EndProject
Project("{FAE04EC0-301F-11D3-BF4B-00C04F79EFBC}") = "SmokeLounge.AOtomation.Domain", "..\lib\SmokeLounge.AOtomation.Domain\src\SmokeLounge.AOtomation.Domain\SmokeLounge.AOtomation.Domain.csproj", "{DDD937B1-17AB-4366-8AA8-15041BCBD64A}"
EndProject
Project("{FAE04EC0-301F-11D3-BF4B-00C04F79EFBC}") = "SmokeLounge.AOtomation.Domain.Facade", "..\lib\SmokeLounge.AOtomation.Domain\src\SmokeLounge.AOtomation.Domain.Facade\SmokeLounge.AOtomation.Domain.Facade.csproj", "{CCD8C3F0-1D08-4AAC-972D-4E5079C3B392}"
EndProject
Project("{FAE04EC0-301F-11D3-BF4B-00C04F79EFBC}") = "SmokeLounge.AOtomation.Domain.Interfaces", "..\lib\SmokeLounge.AOtomation.Domain\src\SmokeLounge.AOtomation.Domain.Interfaces\SmokeLounge.AOtomation.Domain.Interfaces.csproj", "{F7ACCFA0-A898-444B-ABFA-5A920945F52B}"
EndProject
Project("{FAE04EC0-301F-11D3-BF4B-00C04F79EFBC}") = "SmokeLounge.AOtomation.Messaging", "..\lib\SmokeLounge.AOtomation.Domain\lib\SmokeLounge.AOtomation.Messaging\src\SmokeLounge.AOtomation.Messaging\SmokeLounge.AOtomation.Messaging.csproj", "{3CEAC898-BFCA-45EA-BF34-C4BBB85D2DA4}"
	ProjectSection(ProjectDependencies) = postProject
		{FF44EA80-5101-4550-9F25-DA723EF5C38A} = {FF44EA80-5101-4550-9F25-DA723EF5C38A}
	EndProjectSection
EndProject
Project("{FAE04EC0-301F-11D3-BF4B-00C04F79EFBC}") = "SmokeLounge.AOtomation.AutoFactory", "..\lib\SmokeLounge.AOtomation.Domain\lib\SmokeLounge.AOtomation.AutoFactory\src\SmokeLounge.AOtomation.AutoFactory\SmokeLounge.AOtomation.AutoFactory.csproj", "{772F2183-7F21-46E1-99F0-3C26811D5BC8}"
EndProject
Project("{FAE04EC0-301F-11D3-BF4B-00C04F79EFBC}") = "SmokeLounge.AOtomation.Bus", "..\lib\SmokeLounge.AOtomation.Domain\lib\SmokeLounge.AOtomation.Bus\src\SmokeLounge.AOtomation.Bus\SmokeLounge.AOtomation.Bus.csproj", "{6E075BFF-46BC-43A5-A3CA-176A9F0DD1F0}"
EndProject
Project("{2150E333-8FDC-42A3-9474-1A3956D46DE8}") = "Libraries", "Libraries", "{116D1BFE-991F-455F-AA3C-AE7E43ADBDC2}"
EndProject
Project("{2150E333-8FDC-42A3-9474-1A3956D46DE8}") = "Modules", "Modules", "{1235A415-EFA9-4DBC-B084-3B62A0B42EC2}"
EndProject
Project("{FAE04EC0-301F-11D3-BF4B-00C04F79EFBC}") = "SmokeLounge.AOWorkbench.Module.Communication", "Modules\SmokeLounge.AoWorkbench.Module.Communication\SmokeLounge.AOWorkbench.Module.Communication.csproj", "{8F74CDE2-81CE-4324-8AF4-E167C348BE3F}"
EndProject
Project("{FAE04EC0-301F-11D3-BF4B-00C04F79EFBC}") = "SmokeLounge.AOWorkbench.Controls", "SmokeLounge.AOWorkbench.Controls\SmokeLounge.AOWorkbench.Controls.csproj", "{E54CEF53-31AD-4768-8EAA-BB92CB22A8A2}"
EndProject
Project("{FAE04EC0-301F-11D3-BF4B-00C04F79EFBC}") = "SmokeLounge.AOWorkbench.Components", "SmokeLounge.AOWorkbench.Components\SmokeLounge.AOWorkbench.Components.csproj", "{92494C79-48D2-4705-8210-E6EA097D9EE4}"
EndProject
Project("{FAE04EC0-301F-11D3-BF4B-00C04F79EFBC}") = "SmokeLounge.AOWorkbench.Models", "SmokeLounge.AOWorkbench.Models\SmokeLounge.AOWorkbench.Models.csproj", "{C3F0BBA3-291E-403C-9521-572ECD5476A3}"
EndProject
Global
	GlobalSection(SolutionConfigurationPlatforms) = preSolution
		Debug|Any CPU = Debug|Any CPU
		Debug|Mixed Platforms = Debug|Mixed Platforms
		Debug|Win32 = Debug|Win32
		Release|Any CPU = Release|Any CPU
		Release|Mixed Platforms = Release|Mixed Platforms
		Release|Win32 = Release|Win32
	EndGlobalSection
	GlobalSection(ProjectConfigurationPlatforms) = postSolution
		{7740089B-926E-4AB9-8CDD-7B4065B374FD}.Debug|Any CPU.ActiveCfg = Debug|Any CPU
		{7740089B-926E-4AB9-8CDD-7B4065B374FD}.Debug|Any CPU.Build.0 = Debug|Any CPU
		{7740089B-926E-4AB9-8CDD-7B4065B374FD}.Debug|Mixed Platforms.ActiveCfg = Debug|Any CPU
		{7740089B-926E-4AB9-8CDD-7B4065B374FD}.Debug|Mixed Platforms.Build.0 = Debug|Any CPU
		{7740089B-926E-4AB9-8CDD-7B4065B374FD}.Debug|Win32.ActiveCfg = Debug|Any CPU
		{7740089B-926E-4AB9-8CDD-7B4065B374FD}.Release|Any CPU.ActiveCfg = Release|Any CPU
		{7740089B-926E-4AB9-8CDD-7B4065B374FD}.Release|Any CPU.Build.0 = Release|Any CPU
		{7740089B-926E-4AB9-8CDD-7B4065B374FD}.Release|Mixed Platforms.ActiveCfg = Release|Any CPU
		{7740089B-926E-4AB9-8CDD-7B4065B374FD}.Release|Mixed Platforms.Build.0 = Release|Any CPU
		{7740089B-926E-4AB9-8CDD-7B4065B374FD}.Release|Win32.ActiveCfg = Release|Any CPU
		{FF44EA80-5101-4550-9F25-DA723EF5C38A}.Debug|Any CPU.ActiveCfg = Debug|Win32
		{FF44EA80-5101-4550-9F25-DA723EF5C38A}.Debug|Mixed Platforms.ActiveCfg = Debug|Win32
		{FF44EA80-5101-4550-9F25-DA723EF5C38A}.Debug|Mixed Platforms.Build.0 = Debug|Win32
		{FF44EA80-5101-4550-9F25-DA723EF5C38A}.Debug|Win32.ActiveCfg = Debug|Win32
		{FF44EA80-5101-4550-9F25-DA723EF5C38A}.Debug|Win32.Build.0 = Debug|Win32
		{FF44EA80-5101-4550-9F25-DA723EF5C38A}.Release|Any CPU.ActiveCfg = Release|Win32
		{FF44EA80-5101-4550-9F25-DA723EF5C38A}.Release|Mixed Platforms.ActiveCfg = Release|Win32
		{FF44EA80-5101-4550-9F25-DA723EF5C38A}.Release|Mixed Platforms.Build.0 = Release|Win32
		{FF44EA80-5101-4550-9F25-DA723EF5C38A}.Release|Win32.ActiveCfg = Release|Win32
		{FF44EA80-5101-4550-9F25-DA723EF5C38A}.Release|Win32.Build.0 = Release|Win32
		{644C7D10-DDD2-4DD5-BF98-ADE288F611BE}.Debug|Any CPU.ActiveCfg = Debug|Any CPU
		{644C7D10-DDD2-4DD5-BF98-ADE288F611BE}.Debug|Any CPU.Build.0 = Debug|Any CPU
		{644C7D10-DDD2-4DD5-BF98-ADE288F611BE}.Debug|Mixed Platforms.ActiveCfg = Debug|Any CPU
		{644C7D10-DDD2-4DD5-BF98-ADE288F611BE}.Debug|Mixed Platforms.Build.0 = Debug|Any CPU
		{644C7D10-DDD2-4DD5-BF98-ADE288F611BE}.Debug|Win32.ActiveCfg = Debug|Any CPU
		{644C7D10-DDD2-4DD5-BF98-ADE288F611BE}.Release|Any CPU.ActiveCfg = Release|Any CPU
		{644C7D10-DDD2-4DD5-BF98-ADE288F611BE}.Release|Any CPU.Build.0 = Release|Any CPU
		{644C7D10-DDD2-4DD5-BF98-ADE288F611BE}.Release|Mixed Platforms.ActiveCfg = Release|Any CPU
		{644C7D10-DDD2-4DD5-BF98-ADE288F611BE}.Release|Mixed Platforms.Build.0 = Release|Any CPU
		{644C7D10-DDD2-4DD5-BF98-ADE288F611BE}.Release|Win32.ActiveCfg = Release|Any CPU
		{DDD937B1-17AB-4366-8AA8-15041BCBD64A}.Debug|Any CPU.ActiveCfg = Debug|Any CPU
		{DDD937B1-17AB-4366-8AA8-15041BCBD64A}.Debug|Any CPU.Build.0 = Debug|Any CPU
		{DDD937B1-17AB-4366-8AA8-15041BCBD64A}.Debug|Mixed Platforms.ActiveCfg = Debug|Any CPU
		{DDD937B1-17AB-4366-8AA8-15041BCBD64A}.Debug|Mixed Platforms.Build.0 = Debug|Any CPU
		{DDD937B1-17AB-4366-8AA8-15041BCBD64A}.Debug|Win32.ActiveCfg = Debug|Any CPU
		{DDD937B1-17AB-4366-8AA8-15041BCBD64A}.Release|Any CPU.ActiveCfg = Release|Any CPU
		{DDD937B1-17AB-4366-8AA8-15041BCBD64A}.Release|Any CPU.Build.0 = Release|Any CPU
		{DDD937B1-17AB-4366-8AA8-15041BCBD64A}.Release|Mixed Platforms.ActiveCfg = Release|Any CPU
		{DDD937B1-17AB-4366-8AA8-15041BCBD64A}.Release|Mixed Platforms.Build.0 = Release|Any CPU
		{DDD937B1-17AB-4366-8AA8-15041BCBD64A}.Release|Win32.ActiveCfg = Release|Any CPU
		{CCD8C3F0-1D08-4AAC-972D-4E5079C3B392}.Debug|Any CPU.ActiveCfg = Debug|Any CPU
		{CCD8C3F0-1D08-4AAC-972D-4E5079C3B392}.Debug|Any CPU.Build.0 = Debug|Any CPU
		{CCD8C3F0-1D08-4AAC-972D-4E5079C3B392}.Debug|Mixed Platforms.ActiveCfg = Debug|Any CPU
		{CCD8C3F0-1D08-4AAC-972D-4E5079C3B392}.Debug|Mixed Platforms.Build.0 = Debug|Any CPU
		{CCD8C3F0-1D08-4AAC-972D-4E5079C3B392}.Debug|Win32.ActiveCfg = Debug|Any CPU
		{CCD8C3F0-1D08-4AAC-972D-4E5079C3B392}.Release|Any CPU.ActiveCfg = Release|Any CPU
		{CCD8C3F0-1D08-4AAC-972D-4E5079C3B392}.Release|Any CPU.Build.0 = Release|Any CPU
		{CCD8C3F0-1D08-4AAC-972D-4E5079C3B392}.Release|Mixed Platforms.ActiveCfg = Release|Any CPU
		{CCD8C3F0-1D08-4AAC-972D-4E5079C3B392}.Release|Mixed Platforms.Build.0 = Release|Any CPU
		{CCD8C3F0-1D08-4AAC-972D-4E5079C3B392}.Release|Win32.ActiveCfg = Release|Any CPU
		{F7ACCFA0-A898-444B-ABFA-5A920945F52B}.Debug|Any CPU.ActiveCfg = Debug|Any CPU
		{F7ACCFA0-A898-444B-ABFA-5A920945F52B}.Debug|Any CPU.Build.0 = Debug|Any CPU
		{F7ACCFA0-A898-444B-ABFA-5A920945F52B}.Debug|Mixed Platforms.ActiveCfg = Debug|Any CPU
		{F7ACCFA0-A898-444B-ABFA-5A920945F52B}.Debug|Mixed Platforms.Build.0 = Debug|Any CPU
		{F7ACCFA0-A898-444B-ABFA-5A920945F52B}.Debug|Win32.ActiveCfg = Debug|Any CPU
		{F7ACCFA0-A898-444B-ABFA-5A920945F52B}.Release|Any CPU.ActiveCfg = Release|Any CPU
		{F7ACCFA0-A898-444B-ABFA-5A920945F52B}.Release|Any CPU.Build.0 = Release|Any CPU
		{F7ACCFA0-A898-444B-ABFA-5A920945F52B}.Release|Mixed Platforms.ActiveCfg = Release|Any CPU
		{F7ACCFA0-A898-444B-ABFA-5A920945F52B}.Release|Mixed Platforms.Build.0 = Release|Any CPU
		{F7ACCFA0-A898-444B-ABFA-5A920945F52B}.Release|Win32.ActiveCfg = Release|Any CPU
		{3CEAC898-BFCA-45EA-BF34-C4BBB85D2DA4}.Debug|Any CPU.ActiveCfg = Debug|Any CPU
		{3CEAC898-BFCA-45EA-BF34-C4BBB85D2DA4}.Debug|Any CPU.Build.0 = Debug|Any CPU
		{3CEAC898-BFCA-45EA-BF34-C4BBB85D2DA4}.Debug|Mixed Platforms.ActiveCfg = Debug|Any CPU
		{3CEAC898-BFCA-45EA-BF34-C4BBB85D2DA4}.Debug|Mixed Platforms.Build.0 = Debug|Any CPU
		{3CEAC898-BFCA-45EA-BF34-C4BBB85D2DA4}.Debug|Win32.ActiveCfg = Debug|Any CPU
		{3CEAC898-BFCA-45EA-BF34-C4BBB85D2DA4}.Release|Any CPU.ActiveCfg = Release|Any CPU
		{3CEAC898-BFCA-45EA-BF34-C4BBB85D2DA4}.Release|Any CPU.Build.0 = Release|Any CPU
		{3CEAC898-BFCA-45EA-BF34-C4BBB85D2DA4}.Release|Mixed Platforms.ActiveCfg = Release|Any CPU
		{3CEAC898-BFCA-45EA-BF34-C4BBB85D2DA4}.Release|Mixed Platforms.Build.0 = Release|Any CPU
		{3CEAC898-BFCA-45EA-BF34-C4BBB85D2DA4}.Release|Win32.ActiveCfg = Release|Any CPU
		{772F2183-7F21-46E1-99F0-3C26811D5BC8}.Debug|Any CPU.ActiveCfg = Debug|Any CPU
		{772F2183-7F21-46E1-99F0-3C26811D5BC8}.Debug|Any CPU.Build.0 = Debug|Any CPU
		{772F2183-7F21-46E1-99F0-3C26811D5BC8}.Debug|Mixed Platforms.ActiveCfg = Debug|Any CPU
		{772F2183-7F21-46E1-99F0-3C26811D5BC8}.Debug|Mixed Platforms.Build.0 = Debug|Any CPU
		{772F2183-7F21-46E1-99F0-3C26811D5BC8}.Debug|Win32.ActiveCfg = Debug|Any CPU
		{772F2183-7F21-46E1-99F0-3C26811D5BC8}.Release|Any CPU.ActiveCfg = Release|Any CPU
		{772F2183-7F21-46E1-99F0-3C26811D5BC8}.Release|Any CPU.Build.0 = Release|Any CPU
		{772F2183-7F21-46E1-99F0-3C26811D5BC8}.Release|Mixed Platforms.ActiveCfg = Release|Any CPU
		{772F2183-7F21-46E1-99F0-3C26811D5BC8}.Release|Mixed Platforms.Build.0 = Release|Any CPU
		{772F2183-7F21-46E1-99F0-3C26811D5BC8}.Release|Win32.ActiveCfg = Release|Any CPU
		{6E075BFF-46BC-43A5-A3CA-176A9F0DD1F0}.Debug|Any CPU.ActiveCfg = Debug|Any CPU
		{6E075BFF-46BC-43A5-A3CA-176A9F0DD1F0}.Debug|Any CPU.Build.0 = Debug|Any CPU
		{6E075BFF-46BC-43A5-A3CA-176A9F0DD1F0}.Debug|Mixed Platforms.ActiveCfg = Debug|Any CPU
		{6E075BFF-46BC-43A5-A3CA-176A9F0DD1F0}.Debug|Mixed Platforms.Build.0 = Debug|Any CPU
		{6E075BFF-46BC-43A5-A3CA-176A9F0DD1F0}.Debug|Win32.ActiveCfg = Debug|Any CPU
		{6E075BFF-46BC-43A5-A3CA-176A9F0DD1F0}.Release|Any CPU.ActiveCfg = Release|Any CPU
		{6E075BFF-46BC-43A5-A3CA-176A9F0DD1F0}.Release|Any CPU.Build.0 = Release|Any CPU
		{6E075BFF-46BC-43A5-A3CA-176A9F0DD1F0}.Release|Mixed Platforms.ActiveCfg = Release|Any CPU
		{6E075BFF-46BC-43A5-A3CA-176A9F0DD1F0}.Release|Mixed Platforms.Build.0 = Release|Any CPU
		{6E075BFF-46BC-43A5-A3CA-176A9F0DD1F0}.Release|Win32.ActiveCfg = Release|Any CPU
		{8F74CDE2-81CE-4324-8AF4-E167C348BE3F}.Debug|Any CPU.ActiveCfg = Debug|Any CPU
		{8F74CDE2-81CE-4324-8AF4-E167C348BE3F}.Debug|Any CPU.Build.0 = Debug|Any CPU
		{8F74CDE2-81CE-4324-8AF4-E167C348BE3F}.Debug|Mixed Platforms.ActiveCfg = Debug|Any CPU
		{8F74CDE2-81CE-4324-8AF4-E167C348BE3F}.Debug|Mixed Platforms.Build.0 = Debug|Any CPU
		{8F74CDE2-81CE-4324-8AF4-E167C348BE3F}.Debug|Win32.ActiveCfg = Debug|Any CPU
		{8F74CDE2-81CE-4324-8AF4-E167C348BE3F}.Release|Any CPU.ActiveCfg = Release|Any CPU
		{8F74CDE2-81CE-4324-8AF4-E167C348BE3F}.Release|Any CPU.Build.0 = Release|Any CPU
		{8F74CDE2-81CE-4324-8AF4-E167C348BE3F}.Release|Mixed Platforms.ActiveCfg = Release|Any CPU
		{8F74CDE2-81CE-4324-8AF4-E167C348BE3F}.Release|Mixed Platforms.Build.0 = Release|Any CPU
		{8F74CDE2-81CE-4324-8AF4-E167C348BE3F}.Release|Win32.ActiveCfg = Release|Any CPU
		{E54CEF53-31AD-4768-8EAA-BB92CB22A8A2}.Debug|Any CPU.ActiveCfg = Debug|Any CPU
		{E54CEF53-31AD-4768-8EAA-BB92CB22A8A2}.Debug|Any CPU.Build.0 = Debug|Any CPU
		{E54CEF53-31AD-4768-8EAA-BB92CB22A8A2}.Debug|Mixed Platforms.ActiveCfg = Debug|Any CPU
		{E54CEF53-31AD-4768-8EAA-BB92CB22A8A2}.Debug|Mixed Platforms.Build.0 = Debug|Any CPU
		{E54CEF53-31AD-4768-8EAA-BB92CB22A8A2}.Debug|Win32.ActiveCfg = Debug|Any CPU
		{E54CEF53-31AD-4768-8EAA-BB92CB22A8A2}.Release|Any CPU.ActiveCfg = Release|Any CPU
		{E54CEF53-31AD-4768-8EAA-BB92CB22A8A2}.Release|Any CPU.Build.0 = Release|Any CPU
		{E54CEF53-31AD-4768-8EAA-BB92CB22A8A2}.Release|Mixed Platforms.ActiveCfg = Release|Any CPU
		{E54CEF53-31AD-4768-8EAA-BB92CB22A8A2}.Release|Mixed Platforms.Build.0 = Release|Any CPU
		{E54CEF53-31AD-4768-8EAA-BB92CB22A8A2}.Release|Win32.ActiveCfg = Release|Any CPU
		{92494C79-48D2-4705-8210-E6EA097D9EE4}.Debug|Any CPU.ActiveCfg = Debug|Any CPU
		{92494C79-48D2-4705-8210-E6EA097D9EE4}.Debug|Any CPU.Build.0 = Debug|Any CPU
		{92494C79-48D2-4705-8210-E6EA097D9EE4}.Debug|Mixed Platforms.ActiveCfg = Debug|Any CPU
		{92494C79-48D2-4705-8210-E6EA097D9EE4}.Debug|Mixed Platforms.Build.0 = Debug|Any CPU
		{92494C79-48D2-4705-8210-E6EA097D9EE4}.Debug|Win32.ActiveCfg = Debug|Any CPU
		{92494C79-48D2-4705-8210-E6EA097D9EE4}.Release|Any CPU.ActiveCfg = Release|Any CPU
		{92494C79-48D2-4705-8210-E6EA097D9EE4}.Release|Any CPU.Build.0 = Release|Any CPU
		{92494C79-48D2-4705-8210-E6EA097D9EE4}.Release|Mixed Platforms.ActiveCfg = Release|Any CPU
		{92494C79-48D2-4705-8210-E6EA097D9EE4}.Release|Mixed Platforms.Build.0 = Release|Any CPU
		{92494C79-48D2-4705-8210-E6EA097D9EE4}.Release|Win32.ActiveCfg = Release|Any CPU
		{C3F0BBA3-291E-403C-9521-572ECD5476A3}.Debug|Any CPU.ActiveCfg = Debug|Any CPU
		{C3F0BBA3-291E-403C-9521-572ECD5476A3}.Debug|Any CPU.Build.0 = Debug|Any CPU
		{C3F0BBA3-291E-403C-9521-572ECD5476A3}.Debug|Mixed Platforms.ActiveCfg = Debug|Any CPU
		{C3F0BBA3-291E-403C-9521-572ECD5476A3}.Debug|Mixed Platforms.Build.0 = Debug|Any CPU
		{C3F0BBA3-291E-403C-9521-572ECD5476A3}.Debug|Win32.ActiveCfg = Debug|Any CPU
		{C3F0BBA3-291E-403C-9521-572ECD5476A3}.Release|Any CPU.ActiveCfg = Release|Any CPU
		{C3F0BBA3-291E-403C-9521-572ECD5476A3}.Release|Any CPU.Build.0 = Release|Any CPU
		{C3F0BBA3-291E-403C-9521-572ECD5476A3}.Release|Mixed Platforms.ActiveCfg = Release|Any CPU
		{C3F0BBA3-291E-403C-9521-572ECD5476A3}.Release|Mixed Platforms.Build.0 = Release|Any CPU
		{C3F0BBA3-291E-403C-9521-572ECD5476A3}.Release|Win32.ActiveCfg = Release|Any CPU
	EndGlobalSection
	GlobalSection(SolutionProperties) = preSolution
		HideSolutionNode = FALSE
	EndGlobalSection
	GlobalSection(NestedProjects) = preSolution
		{644C7D10-DDD2-4DD5-BF98-ADE288F611BE} = {116D1BFE-991F-455F-AA3C-AE7E43ADBDC2}
		{DDD937B1-17AB-4366-8AA8-15041BCBD64A} = {116D1BFE-991F-455F-AA3C-AE7E43ADBDC2}
		{CCD8C3F0-1D08-4AAC-972D-4E5079C3B392} = {116D1BFE-991F-455F-AA3C-AE7E43ADBDC2}
		{F7ACCFA0-A898-444B-ABFA-5A920945F52B} = {116D1BFE-991F-455F-AA3C-AE7E43ADBDC2}
		{3CEAC898-BFCA-45EA-BF34-C4BBB85D2DA4} = {116D1BFE-991F-455F-AA3C-AE7E43ADBDC2}
		{772F2183-7F21-46E1-99F0-3C26811D5BC8} = {116D1BFE-991F-455F-AA3C-AE7E43ADBDC2}
		{6E075BFF-46BC-43A5-A3CA-176A9F0DD1F0} = {116D1BFE-991F-455F-AA3C-AE7E43ADBDC2}
		{FF44EA80-5101-4550-9F25-DA723EF5C38A} = {116D1BFE-991F-455F-AA3C-AE7E43ADBDC2}
		{8F74CDE2-81CE-4324-8AF4-E167C348BE3F} = {1235A415-EFA9-4DBC-B084-3B62A0B42EC2}
	EndGlobalSection
EndGlobal
